// !$*UTF8*$!
{
	archiveVersion = 1;
	classes = {
	};
	objectVersion = 50;
	objects = {

/* Begin PBXBuildFile section */
		149D360623C4FD5100E329E2 /* countdown WatchKit App.app in Embed Watch Content */ = {isa = PBXBuildFile; fileRef = 149D360523C4FD5100E329E2 /* countdown WatchKit App.app */; settings = {ATTRIBUTES = (RemoveHeadersOnCopy, ); }; };
		149D360C23C4FD5100E329E2 /* Interface.storyboard in Resources */ = {isa = PBXBuildFile; fileRef = 149D360A23C4FD5100E329E2 /* Interface.storyboard */; };
		149D360E23C4FD5400E329E2 /* Assets.xcassets in Resources */ = {isa = PBXBuildFile; fileRef = 149D360D23C4FD5400E329E2 /* Assets.xcassets */; };
		149D361523C4FD5400E329E2 /* countdown WatchKit Extension.appex in Embed App Extensions */ = {isa = PBXBuildFile; fileRef = 149D361423C4FD5400E329E2 /* countdown WatchKit Extension.appex */; settings = {ATTRIBUTES = (RemoveHeadersOnCopy, ); }; };
		149D361A23C4FD5400E329E2 /* ContentView.swift in Sources */ = {isa = PBXBuildFile; fileRef = 149D361923C4FD5400E329E2 /* ContentView.swift */; };
		149D361C23C4FD5400E329E2 /* HostingController.swift in Sources */ = {isa = PBXBuildFile; fileRef = 149D361B23C4FD5400E329E2 /* HostingController.swift */; };
		149D361E23C4FD5400E329E2 /* ExtensionDelegate.swift in Sources */ = {isa = PBXBuildFile; fileRef = 149D361D23C4FD5400E329E2 /* ExtensionDelegate.swift */; };
		149D362023C4FD5400E329E2 /* ComplicationController.swift in Sources */ = {isa = PBXBuildFile; fileRef = 149D361F23C4FD5400E329E2 /* ComplicationController.swift */; };
		149D362223C4FD5500E329E2 /* Assets.xcassets in Resources */ = {isa = PBXBuildFile; fileRef = 149D362123C4FD5500E329E2 /* Assets.xcassets */; };
		149D362523C4FD5500E329E2 /* Preview Assets.xcassets in Resources */ = {isa = PBXBuildFile; fileRef = 149D362423C4FD5500E329E2 /* Preview Assets.xcassets */; };
		149D363523C50E3700E329E2 /* Course.swift in Sources */ = {isa = PBXBuildFile; fileRef = 149D363423C50E3700E329E2 /* Course.swift */; };
		149D363723C50E4900E329E2 /* Class.swift in Sources */ = {isa = PBXBuildFile; fileRef = 149D363623C50E4900E329E2 /* Class.swift */; };
		149D363923C50E5800E329E2 /* ClassManager.swift in Sources */ = {isa = PBXBuildFile; fileRef = 149D363823C50E5800E329E2 /* ClassManager.swift */; };
/* End PBXBuildFile section */

/* Begin PBXContainerItemProxy section */
		149D360723C4FD5100E329E2 /* PBXContainerItemProxy */ = {
			isa = PBXContainerItemProxy;
			containerPortal = 149D35FB23C4FD5100E329E2 /* Project object */;
			proxyType = 1;
			remoteGlobalIDString = 149D360423C4FD5100E329E2;
			remoteInfo = "countdown WatchKit App";
		};
		149D361623C4FD5400E329E2 /* PBXContainerItemProxy */ = {
			isa = PBXContainerItemProxy;
			containerPortal = 149D35FB23C4FD5100E329E2 /* Project object */;
			proxyType = 1;
			remoteGlobalIDString = 149D361323C4FD5400E329E2;
			remoteInfo = "countdown WatchKit Extension";
		};
/* End PBXContainerItemProxy section */

/* Begin PBXCopyFilesBuildPhase section */
		149D362C23C4FD5500E329E2 /* Embed App Extensions */ = {
			isa = PBXCopyFilesBuildPhase;
			buildActionMask = 2147483647;
			dstPath = "";
			dstSubfolderSpec = 13;
			files = (
				149D361523C4FD5400E329E2 /* countdown WatchKit Extension.appex in Embed App Extensions */,
			);
			name = "Embed App Extensions";
			runOnlyForDeploymentPostprocessing = 0;
		};
		149D363023C4FD5500E329E2 /* Embed Watch Content */ = {
			isa = PBXCopyFilesBuildPhase;
			buildActionMask = 2147483647;
			dstPath = "$(CONTENTS_FOLDER_PATH)/Watch";
			dstSubfolderSpec = 16;
			files = (
				149D360623C4FD5100E329E2 /* countdown WatchKit App.app in Embed Watch Content */,
			);
			name = "Embed Watch Content";
			runOnlyForDeploymentPostprocessing = 0;
		};
/* End PBXCopyFilesBuildPhase section */

/* Begin PBXFileReference section */
		149D360123C4FD5100E329E2 /* countdown.app */ = {isa = PBXFileReference; explicitFileType = wrapper.application; includeInIndex = 0; path = countdown.app; sourceTree = BUILT_PRODUCTS_DIR; };
		149D360523C4FD5100E329E2 /* countdown WatchKit App.app */ = {isa = PBXFileReference; explicitFileType = wrapper.application; includeInIndex = 0; path = "countdown WatchKit App.app"; sourceTree = BUILT_PRODUCTS_DIR; };
		149D360B23C4FD5100E329E2 /* Base */ = {isa = PBXFileReference; lastKnownFileType = file.storyboard; name = Base; path = Base.lproj/Interface.storyboard; sourceTree = "<group>"; };
		149D360D23C4FD5400E329E2 /* Assets.xcassets */ = {isa = PBXFileReference; lastKnownFileType = folder.assetcatalog; path = Assets.xcassets; sourceTree = "<group>"; };
		149D360F23C4FD5400E329E2 /* Info.plist */ = {isa = PBXFileReference; lastKnownFileType = text.plist.xml; path = Info.plist; sourceTree = "<group>"; };
		149D361423C4FD5400E329E2 /* countdown WatchKit Extension.appex */ = {isa = PBXFileReference; explicitFileType = "wrapper.app-extension"; includeInIndex = 0; path = "countdown WatchKit Extension.appex"; sourceTree = BUILT_PRODUCTS_DIR; };
		149D361923C4FD5400E329E2 /* ContentView.swift */ = {isa = PBXFileReference; lastKnownFileType = sourcecode.swift; path = ContentView.swift; sourceTree = "<group>"; };
		149D361B23C4FD5400E329E2 /* HostingController.swift */ = {isa = PBXFileReference; lastKnownFileType = sourcecode.swift; path = HostingController.swift; sourceTree = "<group>"; };
		149D361D23C4FD5400E329E2 /* ExtensionDelegate.swift */ = {isa = PBXFileReference; lastKnownFileType = sourcecode.swift; path = ExtensionDelegate.swift; sourceTree = "<group>"; };
		149D361F23C4FD5400E329E2 /* ComplicationController.swift */ = {isa = PBXFileReference; lastKnownFileType = sourcecode.swift; path = ComplicationController.swift; sourceTree = "<group>"; };
		149D362123C4FD5500E329E2 /* Assets.xcassets */ = {isa = PBXFileReference; lastKnownFileType = folder.assetcatalog; path = Assets.xcassets; sourceTree = "<group>"; };
		149D362423C4FD5500E329E2 /* Preview Assets.xcassets */ = {isa = PBXFileReference; lastKnownFileType = folder.assetcatalog; path = "Preview Assets.xcassets"; sourceTree = "<group>"; };
		149D362623C4FD5500E329E2 /* Info.plist */ = {isa = PBXFileReference; lastKnownFileType = text.plist.xml; path = Info.plist; sourceTree = "<group>"; };
		149D363423C50E3700E329E2 /* Course.swift */ = {isa = PBXFileReference; lastKnownFileType = sourcecode.swift; path = Course.swift; sourceTree = "<group>"; };
		149D363623C50E4900E329E2 /* Class.swift */ = {isa = PBXFileReference; lastKnownFileType = sourcecode.swift; path = Class.swift; sourceTree = "<group>"; };
		149D363823C50E5800E329E2 /* ClassManager.swift */ = {isa = PBXFileReference; lastKnownFileType = sourcecode.swift; path = ClassManager.swift; sourceTree = "<group>"; };
/* End PBXFileReference section */

/* Begin PBXFrameworksBuildPhase section */
		149D361123C4FD5400E329E2 /* Frameworks */ = {
			isa = PBXFrameworksBuildPhase;
			buildActionMask = 2147483647;
			files = (
			);
			runOnlyForDeploymentPostprocessing = 0;
		};
/* End PBXFrameworksBuildPhase section */

/* Begin PBXGroup section */
		149D35FA23C4FD5100E329E2 = {
			isa = PBXGroup;
			children = (
				149D360923C4FD5100E329E2 /* countdown WatchKit App */,
				149D361823C4FD5400E329E2 /* countdown WatchKit Extension */,
				149D360223C4FD5100E329E2 /* Products */,
			);
			sourceTree = "<group>";
		};
		149D360223C4FD5100E329E2 /* Products */ = {
			isa = PBXGroup;
			children = (
				149D360123C4FD5100E329E2 /* countdown.app */,
				149D360523C4FD5100E329E2 /* countdown WatchKit App.app */,
				149D361423C4FD5400E329E2 /* countdown WatchKit Extension.appex */,
			);
			name = Products;
			sourceTree = "<group>";
		};
		149D360923C4FD5100E329E2 /* countdown WatchKit App */ = {
			isa = PBXGroup;
			children = (
				149D360A23C4FD5100E329E2 /* Interface.storyboard */,
				149D360D23C4FD5400E329E2 /* Assets.xcassets */,
				149D360F23C4FD5400E329E2 /* Info.plist */,
			);
			path = "countdown WatchKit App";
			sourceTree = "<group>";
		};
		149D361823C4FD5400E329E2 /* countdown WatchKit Extension */ = {
			isa = PBXGroup;
			children = (
				149D361923C4FD5400E329E2 /* ContentView.swift */,
				149D361B23C4FD5400E329E2 /* HostingController.swift */,
				149D361D23C4FD5400E329E2 /* ExtensionDelegate.swift */,
				149D363423C50E3700E329E2 /* Course.swift */,
				149D363623C50E4900E329E2 /* Class.swift */,
				149D363823C50E5800E329E2 /* ClassManager.swift */,
				149D361F23C4FD5400E329E2 /* ComplicationController.swift */,
				149D362123C4FD5500E329E2 /* Assets.xcassets */,
				149D362623C4FD5500E329E2 /* Info.plist */,
				149D362323C4FD5500E329E2 /* Preview Content */,
			);
			path = "countdown WatchKit Extension";
			sourceTree = "<group>";
		};
		149D362323C4FD5500E329E2 /* Preview Content */ = {
			isa = PBXGroup;
			children = (
				149D362423C4FD5500E329E2 /* Preview Assets.xcassets */,
			);
			path = "Preview Content";
			sourceTree = "<group>";
		};
/* End PBXGroup section */

/* Begin PBXNativeTarget section */
		149D360023C4FD5100E329E2 /* countdown */ = {
			isa = PBXNativeTarget;
			buildConfigurationList = 149D363123C4FD5500E329E2 /* Build configuration list for PBXNativeTarget "countdown" */;
			buildPhases = (
				149D35FF23C4FD5100E329E2 /* Resources */,
				149D363023C4FD5500E329E2 /* Embed Watch Content */,
			);
			buildRules = (
			);
			dependencies = (
				149D360823C4FD5100E329E2 /* PBXTargetDependency */,
			);
			name = countdown;
			productName = countdown;
			productReference = 149D360123C4FD5100E329E2 /* countdown.app */;
			productType = "com.apple.product-type.application.watchapp2-container";
		};
		149D360423C4FD5100E329E2 /* countdown WatchKit App */ = {
			isa = PBXNativeTarget;
			buildConfigurationList = 149D362D23C4FD5500E329E2 /* Build configuration list for PBXNativeTarget "countdown WatchKit App" */;
			buildPhases = (
				149D360323C4FD5100E329E2 /* Resources */,
				149D362C23C4FD5500E329E2 /* Embed App Extensions */,
			);
			buildRules = (
			);
			dependencies = (
				149D361723C4FD5400E329E2 /* PBXTargetDependency */,
			);
			name = "countdown WatchKit App";
			productName = "countdown WatchKit App";
			productReference = 149D360523C4FD5100E329E2 /* countdown WatchKit App.app */;
			productType = "com.apple.product-type.application.watchapp2";
		};
		149D361323C4FD5400E329E2 /* countdown WatchKit Extension */ = {
			isa = PBXNativeTarget;
			buildConfigurationList = 149D362923C4FD5500E329E2 /* Build configuration list for PBXNativeTarget "countdown WatchKit Extension" */;
			buildPhases = (
				149D361023C4FD5400E329E2 /* Sources */,
				149D361123C4FD5400E329E2 /* Frameworks */,
				149D361223C4FD5400E329E2 /* Resources */,
			);
			buildRules = (
			);
			dependencies = (
			);
			name = "countdown WatchKit Extension";
			productName = "countdown WatchKit Extension";
			productReference = 149D361423C4FD5400E329E2 /* countdown WatchKit Extension.appex */;
			productType = "com.apple.product-type.watchkit2-extension";
		};
/* End PBXNativeTarget section */

/* Begin PBXProject section */
		149D35FB23C4FD5100E329E2 /* Project object */ = {
			isa = PBXProject;
			attributes = {
				LastSwiftUpdateCheck = 1130;
				LastUpgradeCheck = 1130;
				ORGANIZATIONNAME = "Andrew Finke";
				TargetAttributes = {
					149D360023C4FD5100E329E2 = {
						CreatedOnToolsVersion = 11.3;
					};
					149D360423C4FD5100E329E2 = {
						CreatedOnToolsVersion = 11.3;
					};
					149D361323C4FD5400E329E2 = {
						CreatedOnToolsVersion = 11.3;
					};
				};
			};
			buildConfigurationList = 149D35FE23C4FD5100E329E2 /* Build configuration list for PBXProject "countdown" */;
			compatibilityVersion = "Xcode 9.3";
			developmentRegion = en;
			hasScannedForEncodings = 0;
			knownRegions = (
				en,
				Base,
			);
			mainGroup = 149D35FA23C4FD5100E329E2;
			productRefGroup = 149D360223C4FD5100E329E2 /* Products */;
			projectDirPath = "";
			projectRoot = "";
			targets = (
				149D360023C4FD5100E329E2 /* countdown */,
				149D360423C4FD5100E329E2 /* countdown WatchKit App */,
				149D361323C4FD5400E329E2 /* countdown WatchKit Extension */,
			);
		};
/* End PBXProject section */

/* Begin PBXResourcesBuildPhase section */
		149D35FF23C4FD5100E329E2 /* Resources */ = {
			isa = PBXResourcesBuildPhase;
			buildActionMask = 2147483647;
			files = (
			);
			runOnlyForDeploymentPostprocessing = 0;
		};
		149D360323C4FD5100E329E2 /* Resources */ = {
			isa = PBXResourcesBuildPhase;
			buildActionMask = 2147483647;
			files = (
				149D360E23C4FD5400E329E2 /* Assets.xcassets in Resources */,
				149D360C23C4FD5100E329E2 /* Interface.storyboard in Resources */,
			);
			runOnlyForDeploymentPostprocessing = 0;
		};
		149D361223C4FD5400E329E2 /* Resources */ = {
			isa = PBXResourcesBuildPhase;
			buildActionMask = 2147483647;
			files = (
				149D362523C4FD5500E329E2 /* Preview Assets.xcassets in Resources */,
				149D362223C4FD5500E329E2 /* Assets.xcassets in Resources */,
			);
			runOnlyForDeploymentPostprocessing = 0;
		};
/* End PBXResourcesBuildPhase section */

/* Begin PBXSourcesBuildPhase section */
		149D361023C4FD5400E329E2 /* Sources */ = {
			isa = PBXSourcesBuildPhase;
			buildActionMask = 2147483647;
			files = (
				149D363723C50E4900E329E2 /* Class.swift in Sources */,
				149D361C23C4FD5400E329E2 /* HostingController.swift in Sources */,
				149D362023C4FD5400E329E2 /* ComplicationController.swift in Sources */,
				149D363923C50E5800E329E2 /* ClassManager.swift in Sources */,
				149D363523C50E3700E329E2 /* Course.swift in Sources */,
				149D361A23C4FD5400E329E2 /* ContentView.swift in Sources */,
				149D361E23C4FD5400E329E2 /* ExtensionDelegate.swift in Sources */,
			);
			runOnlyForDeploymentPostprocessing = 0;
		};
/* End PBXSourcesBuildPhase section */

/* Begin PBXTargetDependency section */
		149D360823C4FD5100E329E2 /* PBXTargetDependency */ = {
			isa = PBXTargetDependency;
			target = 149D360423C4FD5100E329E2 /* countdown WatchKit App */;
			targetProxy = 149D360723C4FD5100E329E2 /* PBXContainerItemProxy */;
		};
		149D361723C4FD5400E329E2 /* PBXTargetDependency */ = {
			isa = PBXTargetDependency;
			target = 149D361323C4FD5400E329E2 /* countdown WatchKit Extension */;
			targetProxy = 149D361623C4FD5400E329E2 /* PBXContainerItemProxy */;
		};
/* End PBXTargetDependency section */

/* Begin PBXVariantGroup section */
		149D360A23C4FD5100E329E2 /* Interface.storyboard */ = {
			isa = PBXVariantGroup;
			children = (
				149D360B23C4FD5100E329E2 /* Base */,
			);
			name = Interface.storyboard;
			sourceTree = "<group>";
		};
/* End PBXVariantGroup section */

/* Begin XCBuildConfiguration section */
		149D362723C4FD5500E329E2 /* Debug */ = {
			isa = XCBuildConfiguration;
			buildSettings = {
				ALWAYS_SEARCH_USER_PATHS = NO;
				CLANG_ANALYZER_NONNULL = YES;
				CLANG_ANALYZER_NUMBER_OBJECT_CONVERSION = YES_AGGRESSIVE;
				CLANG_CXX_LANGUAGE_STANDARD = "gnu++14";
				CLANG_CXX_LIBRARY = "libc++";
				CLANG_ENABLE_MODULES = YES;
				CLANG_ENABLE_OBJC_ARC = YES;
				CLANG_ENABLE_OBJC_WEAK = YES;
				CLANG_WARN_BLOCK_CAPTURE_AUTORELEASING = YES;
				CLANG_WARN_BOOL_CONVERSION = YES;
				CLANG_WARN_COMMA = YES;
				CLANG_WARN_CONSTANT_CONVERSION = YES;
				CLANG_WARN_DEPRECATED_OBJC_IMPLEMENTATIONS = YES;
				CLANG_WARN_DIRECT_OBJC_ISA_USAGE = YES_ERROR;
				CLANG_WARN_DOCUMENTATION_COMMENTS = YES;
				CLANG_WARN_EMPTY_BODY = YES;
				CLANG_WARN_ENUM_CONVERSION = YES;
				CLANG_WARN_INFINITE_RECURSION = YES;
				CLANG_WARN_INT_CONVERSION = YES;
				CLANG_WARN_NON_LITERAL_NULL_CONVERSION = YES;
				CLANG_WARN_OBJC_IMPLICIT_RETAIN_SELF = YES;
				CLANG_WARN_OBJC_LITERAL_CONVERSION = YES;
				CLANG_WARN_OBJC_ROOT_CLASS = YES_ERROR;
				CLANG_WARN_RANGE_LOOP_ANALYSIS = YES;
				CLANG_WARN_STRICT_PROTOTYPES = YES;
				CLANG_WARN_SUSPICIOUS_MOVE = YES;
				CLANG_WARN_UNGUARDED_AVAILABILITY = YES_AGGRESSIVE;
				CLANG_WARN_UNREACHABLE_CODE = YES;
				CLANG_WARN__DUPLICATE_METHOD_MATCH = YES;
				COPY_PHASE_STRIP = NO;
				DEBUG_INFORMATION_FORMAT = dwarf;
				ENABLE_STRICT_OBJC_MSGSEND = YES;
				ENABLE_TESTABILITY = YES;
				GCC_C_LANGUAGE_STANDARD = gnu11;
				GCC_DYNAMIC_NO_PIC = NO;
				GCC_NO_COMMON_BLOCKS = YES;
				GCC_OPTIMIZATION_LEVEL = 0;
				GCC_PREPROCESSOR_DEFINITIONS = (
					"DEBUG=1",
					"$(inherited)",
				);
				GCC_WARN_64_TO_32_BIT_CONVERSION = YES;
				GCC_WARN_ABOUT_RETURN_TYPE = YES_ERROR;
				GCC_WARN_UNDECLARED_SELECTOR = YES;
				GCC_WARN_UNINITIALIZED_AUTOS = YES_AGGRESSIVE;
				GCC_WARN_UNUSED_FUNCTION = YES;
				GCC_WARN_UNUSED_VARIABLE = YES;
				MTL_ENABLE_DEBUG_INFO = INCLUDE_SOURCE;
				MTL_FAST_MATH = YES;
				ONLY_ACTIVE_ARCH = YES;
				SDKROOT = iphoneos;
				SWIFT_ACTIVE_COMPILATION_CONDITIONS = DEBUG;
				SWIFT_OPTIMIZATION_LEVEL = "-Onone";
			};
			name = Debug;
		};
		149D362823C4FD5500E329E2 /* Release */ = {
			isa = XCBuildConfiguration;
			buildSettings = {
				ALWAYS_SEARCH_USER_PATHS = NO;
				CLANG_ANALYZER_NONNULL = YES;
				CLANG_ANALYZER_NUMBER_OBJECT_CONVERSION = YES_AGGRESSIVE;
				CLANG_CXX_LANGUAGE_STANDARD = "gnu++14";
				CLANG_CXX_LIBRARY = "libc++";
				CLANG_ENABLE_MODULES = YES;
				CLANG_ENABLE_OBJC_ARC = YES;
				CLANG_ENABLE_OBJC_WEAK = YES;
				CLANG_WARN_BLOCK_CAPTURE_AUTORELEASING = YES;
				CLANG_WARN_BOOL_CONVERSION = YES;
				CLANG_WARN_COMMA = YES;
				CLANG_WARN_CONSTANT_CONVERSION = YES;
				CLANG_WARN_DEPRECATED_OBJC_IMPLEMENTATIONS = YES;
				CLANG_WARN_DIRECT_OBJC_ISA_USAGE = YES_ERROR;
				CLANG_WARN_DOCUMENTATION_COMMENTS = YES;
				CLANG_WARN_EMPTY_BODY = YES;
				CLANG_WARN_ENUM_CONVERSION = YES;
				CLANG_WARN_INFINITE_RECURSION = YES;
				CLANG_WARN_INT_CONVERSION = YES;
				CLANG_WARN_NON_LITERAL_NULL_CONVERSION = YES;
				CLANG_WARN_OBJC_IMPLICIT_RETAIN_SELF = YES;
				CLANG_WARN_OBJC_LITERAL_CONVERSION = YES;
				CLANG_WARN_OBJC_ROOT_CLASS = YES_ERROR;
				CLANG_WARN_RANGE_LOOP_ANALYSIS = YES;
				CLANG_WARN_STRICT_PROTOTYPES = YES;
				CLANG_WARN_SUSPICIOUS_MOVE = YES;
				CLANG_WARN_UNGUARDED_AVAILABILITY = YES_AGGRESSIVE;
				CLANG_WARN_UNREACHABLE_CODE = YES;
				CLANG_WARN__DUPLICATE_METHOD_MATCH = YES;
				COPY_PHASE_STRIP = NO;
				DEBUG_INFORMATION_FORMAT = "dwarf-with-dsym";
				ENABLE_NS_ASSERTIONS = NO;
				ENABLE_STRICT_OBJC_MSGSEND = YES;
				GCC_C_LANGUAGE_STANDARD = gnu11;
				GCC_NO_COMMON_BLOCKS = YES;
				GCC_WARN_64_TO_32_BIT_CONVERSION = YES;
				GCC_WARN_ABOUT_RETURN_TYPE = YES_ERROR;
				GCC_WARN_UNDECLARED_SELECTOR = YES;
				GCC_WARN_UNINITIALIZED_AUTOS = YES_AGGRESSIVE;
				GCC_WARN_UNUSED_FUNCTION = YES;
				GCC_WARN_UNUSED_VARIABLE = YES;
				MTL_ENABLE_DEBUG_INFO = NO;
				MTL_FAST_MATH = YES;
				SDKROOT = iphoneos;
				SWIFT_COMPILATION_MODE = wholemodule;
				SWIFT_OPTIMIZATION_LEVEL = "-O";
				VALIDATE_PRODUCT = YES;
			};
			name = Release;
		};
		149D362A23C4FD5500E329E2 /* Debug */ = {
			isa = XCBuildConfiguration;
			buildSettings = {
				ASSETCATALOG_COMPILER_COMPLICATION_NAME = Complication;
				CODE_SIGN_STYLE = Automatic;
				DEVELOPMENT_ASSET_PATHS = "\"countdown WatchKit Extension/Preview Content\"";
				DEVELOPMENT_TEAM = 72S993BNAV;
				ENABLE_PREVIEWS = YES;
				INFOPLIST_FILE = "countdown WatchKit Extension/Info.plist";
				LD_RUNPATH_SEARCH_PATHS = (
					"$(inherited)",
					"@executable_path/Frameworks",
					"@executable_path/../../Frameworks",
				);
				PRODUCT_BUNDLE_IDENTIFIER = com.andrewfinke.countdown.watchkitapp.watchkitextension;
				PRODUCT_NAME = "${TARGET_NAME}";
				SDKROOT = watchos;
				SKIP_INSTALL = YES;
				SWIFT_VERSION = 5.0;
				TARGETED_DEVICE_FAMILY = 4;
				WATCHOS_DEPLOYMENT_TARGET = 6.1;
			};
			name = Debug;
		};
		149D362B23C4FD5500E329E2 /* Release */ = {
			isa = XCBuildConfiguration;
			buildSettings = {
				ASSETCATALOG_COMPILER_COMPLICATION_NAME = Complication;
				CODE_SIGN_STYLE = Automatic;
				DEVELOPMENT_ASSET_PATHS = "\"countdown WatchKit Extension/Preview Content\"";
				DEVELOPMENT_TEAM = 72S993BNAV;
				ENABLE_PREVIEWS = YES;
				INFOPLIST_FILE = "countdown WatchKit Extension/Info.plist";
				LD_RUNPATH_SEARCH_PATHS = (
					"$(inherited)",
					"@executable_path/Frameworks",
					"@executable_path/../../Frameworks",
				);
				PRODUCT_BUNDLE_IDENTIFIER = com.andrewfinke.countdown.watchkitapp.watchkitextension;
				PRODUCT_NAME = "${TARGET_NAME}";
				SDKROOT = watchos;
				SKIP_INSTALL = YES;
				SWIFT_VERSION = 5.0;
				TARGETED_DEVICE_FAMILY = 4;
				WATCHOS_DEPLOYMENT_TARGET = 6.1;
			};
			name = Release;
		};
		149D362E23C4FD5500E329E2 /* Debug */ = {
			isa = XCBuildConfiguration;
			buildSettings = {
				ALWAYS_EMBED_SWIFT_STANDARD_LIBRARIES = YES;
				ASSETCATALOG_COMPILER_APPICON_NAME = AppIcon;
				CODE_SIGN_STYLE = Automatic;
				DEVELOPMENT_TEAM = 72S993BNAV;
				IBSC_MODULE = countdown_WatchKit_Extension;
				INFOPLIST_FILE = "countdown WatchKit App/Info.plist";
				PRODUCT_BUNDLE_IDENTIFIER = com.andrewfinke.countdown.watchkitapp;
				PRODUCT_NAME = "$(TARGET_NAME)";
				SDKROOT = watchos;
				SKIP_INSTALL = YES;
				SWIFT_VERSION = 5.0;
				TARGETED_DEVICE_FAMILY = 4;
				WATCHOS_DEPLOYMENT_TARGET = 6.1;
			};
			name = Debug;
		};
		149D362F23C4FD5500E329E2 /* Release */ = {
			isa = XCBuildConfiguration;
			buildSettings = {
				ALWAYS_EMBED_SWIFT_STANDARD_LIBRARIES = YES;
				ASSETCATALOG_COMPILER_APPICON_NAME = AppIcon;
				CODE_SIGN_STYLE = Automatic;
				DEVELOPMENT_TEAM = 72S993BNAV;
				IBSC_MODULE = countdown_WatchKit_Extension;
				INFOPLIST_FILE = "countdown WatchKit App/Info.plist";
				PRODUCT_BUNDLE_IDENTIFIER = com.andrewfinke.countdown.watchkitapp;
				PRODUCT_NAME = "$(TARGET_NAME)";
				SDKROOT = watchos;
				SKIP_INSTALL = YES;
				SWIFT_VERSION = 5.0;
				TARGETED_DEVICE_FAMILY = 4;
				WATCHOS_DEPLOYMENT_TARGET = 6.1;
			};
			name = Release;
		};
		149D363223C4FD5500E329E2 /* Debug */ = {
			isa = XCBuildConfiguration;
			buildSettings = {
				CODE_SIGN_STYLE = Automatic;
				CURRENT_PROJECT_VERSION = 1;
				DEVELOPMENT_TEAM = 72S993BNAV;
				MARKETING_VERSION = 1.0;
				PRODUCT_BUNDLE_IDENTIFIER = com.andrewfinke.countdown;
				PRODUCT_NAME = "$(TARGET_NAME)";
				SWIFT_VERSION = 5.0;
			};
			name = Debug;
		};
		149D363323C4FD5500E329E2 /* Release */ = {
			isa = XCBuildConfiguration;
			buildSettings = {
				CODE_SIGN_STYLE = Automatic;
				CURRENT_PROJECT_VERSION = 1;
				DEVELOPMENT_TEAM = 72S993BNAV;
				MARKETING_VERSION = 1.0;
				PRODUCT_BUNDLE_IDENTIFIER = com.andrewfinke.countdown;
				PRODUCT_NAME = "$(TARGET_NAME)";
				SWIFT_VERSION = 5.0;
			};
			name = Release;
		};
/* End XCBuildConfiguration section */

/* Begin XCConfigurationList section */
		149D35FE23C4FD5100E329E2 /* Build configuration list for PBXProject "countdown" */ = {
			isa = XCConfigurationList;
			buildConfigurations = (
				149D362723C4FD5500E329E2 /* Debug */,
				149D362823C4FD5500E329E2 /* Release */,
			);
			defaultConfigurationIsVisible = 0;
			defaultConfigurationName = Release;
		};
		149D362923C4FD5500E329E2 /* Build configuration list for PBXNativeTarget "countdown WatchKit Extension" */ = {
			isa = XCConfigurationList;
			buildConfigurations = (
				149D362A23C4FD5500E329E2 /* Debug */,
				149D362B23C4FD5500E329E2 /* Release */,
			);
			defaultConfigurationIsVisible = 0;
			defaultConfigurationName = Release;
		};
		149D362D23C4FD5500E329E2 /* Build configuration list for PBXNativeTarget "countdown WatchKit App" */ = {
			isa = XCConfigurationList;
			buildConfigurations = (
				149D362E23C4FD5500E329E2 /* Debug */,
				149D362F23C4FD5500E329E2 /* Release */,
			);
			defaultConfigurationIsVisible = 0;
			defaultConfigurationName = Release;
		};
		149D363123C4FD5500E329E2 /* Build configuration list for PBXNativeTarget "countdown" */ = {
			isa = XCConfigurationList;
			buildConfigurations = (
				149D363223C4FD5500E329E2 /* Debug */,
				149D363323C4FD5500E329E2 /* Release */,
			);
			defaultConfigurationIsVisible = 0;
			defaultConfigurationName = Release;
		};
/* End XCConfigurationList section */
	};
	rootObject = 149D35FB23C4FD5100E329E2 /* Project object */;
}
